// !$*UTF8*$!
{
	archiveVersion = 1;
	classes = {
	};
	objectVersion = 50;
	objects = {

/* Begin PBXBuildFile section */
		82717934245F543A008A0FB8 /* AppDelegate.swift in Sources */ = {isa = PBXBuildFile; fileRef = 82717933245F543A008A0FB8 /* AppDelegate.swift */; };
		82717936245F543A008A0FB8 /* SceneDelegate.swift in Sources */ = {isa = PBXBuildFile; fileRef = 82717935245F543A008A0FB8 /* SceneDelegate.swift */; };
		82717938245F543A008A0FB8 /* ViewController.swift in Sources */ = {isa = PBXBuildFile; fileRef = 82717937245F543A008A0FB8 /* ViewController.swift */; };
		8271793B245F543A008A0FB8 /* Main.storyboard in Resources */ = {isa = PBXBuildFile; fileRef = 82717939245F543A008A0FB8 /* Main.storyboard */; };
		8271793D245F543B008A0FB8 /* Assets.xcassets in Resources */ = {isa = PBXBuildFile; fileRef = 8271793C245F543B008A0FB8 /* Assets.xcassets */; };
		82717940245F543B008A0FB8 /* LaunchScreen.storyboard in Resources */ = {isa = PBXBuildFile; fileRef = 8271793E245F543B008A0FB8 /* LaunchScreen.storyboard */; };
		82717948245F5A93008A0FB8 /* Common.swift in Sources */ = {isa = PBXBuildFile; fileRef = 82717947245F5A93008A0FB8 /* Common.swift */; };
		8271794B245F7405008A0FB8 /* SummaryTableViewCell.swift in Sources */ = {isa = PBXBuildFile; fileRef = 8271794A245F7405008A0FB8 /* SummaryTableViewCell.swift */; };
		8271794D245F7417008A0FB8 /* ForecastTableViewCell.swift in Sources */ = {isa = PBXBuildFile; fileRef = 8271794C245F7417008A0FB8 /* ForecastTableViewCell.swift */; };
		82717953245F7DCE008A0FB8 /* WeatherSummary.swift in Sources */ = {isa = PBXBuildFile; fileRef = 82717952245F7DCE008A0FB8 /* WeatherSummary.swift */; };
		82717955245F7E47008A0FB8 /* Forecast.swift in Sources */ = {isa = PBXBuildFile; fileRef = 82717954245F7E47008A0FB8 /* Forecast.swift */; };
		82717957245F82F0008A0FB8 /* WeaterDataSource.swift in Sources */ = {isa = PBXBuildFile; fileRef = 82717956245F82F0008A0FB8 /* WeaterDataSource.swift */; };
		8271795A2460CB87008A0FB8 /* UIVIewController+Alert.swift in Sources */ = {isa = PBXBuildFile; fileRef = 827179592460CB87008A0FB8 /* UIVIewController+Alert.swift */; };
/* End PBXBuildFile section */

/* Begin PBXFileReference section */
		82717930245F543A008A0FB8 /* BcbfForecast.app */ = {isa = PBXFileReference; explicitFileType = wrapper.application; includeInIndex = 0; path = BcbfForecast.app; sourceTree = BUILT_PRODUCTS_DIR; };
		82717933245F543A008A0FB8 /* AppDelegate.swift */ = {isa = PBXFileReference; lastKnownFileType = sourcecode.swift; path = AppDelegate.swift; sourceTree = "<group>"; };
		82717935245F543A008A0FB8 /* SceneDelegate.swift */ = {isa = PBXFileReference; lastKnownFileType = sourcecode.swift; path = SceneDelegate.swift; sourceTree = "<group>"; };
		82717937245F543A008A0FB8 /* ViewController.swift */ = {isa = PBXFileReference; lastKnownFileType = sourcecode.swift; path = ViewController.swift; sourceTree = "<group>"; };
		8271793A245F543A008A0FB8 /* Base */ = {isa = PBXFileReference; lastKnownFileType = file.storyboard; name = Base; path = Base.lproj/Main.storyboard; sourceTree = "<group>"; };
		8271793C245F543B008A0FB8 /* Assets.xcassets */ = {isa = PBXFileReference; lastKnownFileType = folder.assetcatalog; path = Assets.xcassets; sourceTree = "<group>"; };
		8271793F245F543B008A0FB8 /* Base */ = {isa = PBXFileReference; lastKnownFileType = file.storyboard; name = Base; path = Base.lproj/LaunchScreen.storyboard; sourceTree = "<group>"; };
		82717941245F543B008A0FB8 /* Info.plist */ = {isa = PBXFileReference; lastKnownFileType = text.plist.xml; path = Info.plist; sourceTree = "<group>"; };
		82717947245F5A93008A0FB8 /* Common.swift */ = {isa = PBXFileReference; lastKnownFileType = sourcecode.swift; path = Common.swift; sourceTree = "<group>"; };
		8271794A245F7405008A0FB8 /* SummaryTableViewCell.swift */ = {isa = PBXFileReference; lastKnownFileType = sourcecode.swift; path = SummaryTableViewCell.swift; sourceTree = "<group>"; };
		8271794C245F7417008A0FB8 /* ForecastTableViewCell.swift */ = {isa = PBXFileReference; lastKnownFileType = sourcecode.swift; path = ForecastTableViewCell.swift; sourceTree = "<group>"; };
		8271794F245F7710008A0FB8 /* SummaryApi.playground */ = {isa = PBXFileReference; lastKnownFileType = file.playground; path = SummaryApi.playground; sourceTree = "<group>"; xcLanguageSpecificationIdentifier = xcode.lang.swift; };
		82717950245F7ADB008A0FB8 /* ForecastApi.playground */ = {isa = PBXFileReference; lastKnownFileType = file.playground; path = ForecastApi.playground; sourceTree = "<group>"; xcLanguageSpecificationIdentifier = xcode.lang.swift; };
		82717952245F7DCE008A0FB8 /* WeatherSummary.swift */ = {isa = PBXFileReference; lastKnownFileType = sourcecode.swift; path = WeatherSummary.swift; sourceTree = "<group>"; };
		82717954245F7E47008A0FB8 /* Forecast.swift */ = {isa = PBXFileReference; lastKnownFileType = sourcecode.swift; path = Forecast.swift; sourceTree = "<group>"; };
		82717956245F82F0008A0FB8 /* WeaterDataSource.swift */ = {isa = PBXFileReference; lastKnownFileType = sourcecode.swift; path = WeaterDataSource.swift; sourceTree = "<group>"; };
		827179592460CB87008A0FB8 /* UIVIewController+Alert.swift */ = {isa = PBXFileReference; lastKnownFileType = sourcecode.swift; path = "UIVIewController+Alert.swift"; sourceTree = "<group>"; };
		8271795C2460CEAC008A0FB8 /* 강남역.gpx */ = {isa = PBXFileReference; lastKnownFileType = text.xml; path = "강남역.gpx"; sourceTree = "<group>"; };
		8271795D2460CF42008A0FB8 /* 광안리 해수욕장.gpx */ = {isa = PBXFileReference; lastKnownFileType = text.xml; path = "광안리 해수욕장.gpx"; sourceTree = "<group>"; };
		8271795E2460CF50008A0FB8 /* 강릉항.gpx */ = {isa = PBXFileReference; lastKnownFileType = text.xml; path = "강릉항.gpx"; sourceTree = "<group>"; };
/* End PBXFileReference section */

/* Begin PBXFrameworksBuildPhase section */
		8271792D245F543A008A0FB8 /* Frameworks */ = {
			isa = PBXFrameworksBuildPhase;
			buildActionMask = 2147483647;
			files = (
			);
			runOnlyForDeploymentPostprocessing = 0;
		};
/* End PBXFrameworksBuildPhase section */

/* Begin PBXGroup section */
		82717927245F543A008A0FB8 = {
			isa = PBXGroup;
			children = (
				82717932245F543A008A0FB8 /* BcbfForecast */,
				82717931245F543A008A0FB8 /* Products */,
			);
			sourceTree = "<group>";
		};
		82717931245F543A008A0FB8 /* Products */ = {
			isa = PBXGroup;
			children = (
				82717930245F543A008A0FB8 /* BcbfForecast.app */,
			);
			name = Products;
			sourceTree = "<group>";
		};
		82717932245F543A008A0FB8 /* BcbfForecast */ = {
			isa = PBXGroup;
			children = (
				8271795B2460CE99008A0FB8 /* Location */,
				827179582460CB71008A0FB8 /* Extension */,
				82717951245F7DB2008A0FB8 /* Model */,
				8271794E245F76EF008A0FB8 /* API */,
				82717949245F73E7008A0FB8 /* Cell */,
				82717933245F543A008A0FB8 /* AppDelegate.swift */,
				82717935245F543A008A0FB8 /* SceneDelegate.swift */,
				82717937245F543A008A0FB8 /* ViewController.swift */,
				82717939245F543A008A0FB8 /* Main.storyboard */,
				8271793C245F543B008A0FB8 /* Assets.xcassets */,
				8271793E245F543B008A0FB8 /* LaunchScreen.storyboard */,
				82717941245F543B008A0FB8 /* Info.plist */,
				82717947245F5A93008A0FB8 /* Common.swift */,
			);
			path = BcbfForecast;
			sourceTree = "<group>";
		};
		82717949245F73E7008A0FB8 /* Cell */ = {
			isa = PBXGroup;
			children = (
				8271794A245F7405008A0FB8 /* SummaryTableViewCell.swift */,
				8271794C245F7417008A0FB8 /* ForecastTableViewCell.swift */,
			);
			path = Cell;
			sourceTree = "<group>";
		};
		8271794E245F76EF008A0FB8 /* API */ = {
			isa = PBXGroup;
			children = (
				8271794F245F7710008A0FB8 /* SummaryApi.playground */,
				82717950245F7ADB008A0FB8 /* ForecastApi.playground */,
			);
			path = API;
			sourceTree = "<group>";
		};
		82717951245F7DB2008A0FB8 /* Model */ = {
			isa = PBXGroup;
			children = (
				82717952245F7DCE008A0FB8 /* WeatherSummary.swift */,
				82717954245F7E47008A0FB8 /* Forecast.swift */,
				82717956245F82F0008A0FB8 /* WeaterDataSource.swift */,
			);
			path = Model;
			sourceTree = "<group>";
		};
		827179582460CB71008A0FB8 /* Extension */ = {
			isa = PBXGroup;
			children = (
				827179592460CB87008A0FB8 /* UIVIewController+Alert.swift */,
			);
			path = Extension;
			sourceTree = "<group>";
		};
		8271795B2460CE99008A0FB8 /* Location */ = {
			isa = PBXGroup;
			children = (
				8271795C2460CEAC008A0FB8 /* 강남역.gpx */,
				8271795E2460CF50008A0FB8 /* 강릉항.gpx */,
				8271795D2460CF42008A0FB8 /* 광안리 해수욕장.gpx */,
			);
			path = Location;
			sourceTree = "<group>";
		};
/* End PBXGroup section */

/* Begin PBXNativeTarget section */
		8271792F245F543A008A0FB8 /* BcbfForecast */ = {
			isa = PBXNativeTarget;
			buildConfigurationList = 82717944245F543B008A0FB8 /* Build configuration list for PBXNativeTarget "BcbfForecast" */;
			buildPhases = (
				8271792C245F543A008A0FB8 /* Sources */,
				8271792D245F543A008A0FB8 /* Frameworks */,
				8271792E245F543A008A0FB8 /* Resources */,
			);
			buildRules = (
			);
			dependencies = (
			);
			name = BcbfForecast;
			productName = BcbfForecast;
			productReference = 82717930245F543A008A0FB8 /* BcbfForecast.app */;
			productType = "com.apple.product-type.application";
		};
/* End PBXNativeTarget section */

/* Begin PBXProject section */
		82717928245F543A008A0FB8 /* Project object */ = {
			isa = PBXProject;
			attributes = {
				LastSwiftUpdateCheck = 1140;
				LastUpgradeCheck = 1140;
				ORGANIZATIONNAME = "JongChan KIm";
				TargetAttributes = {
					8271792F245F543A008A0FB8 = {
						CreatedOnToolsVersion = 11.4.1;
					};
				};
			};
			buildConfigurationList = 8271792B245F543A008A0FB8 /* Build configuration list for PBXProject "BcbfForecast" */;
			compatibilityVersion = "Xcode 9.3";
			developmentRegion = en;
			hasScannedForEncodings = 0;
			knownRegions = (
				en,
				Base,
			);
			mainGroup = 82717927245F543A008A0FB8;
			productRefGroup = 82717931245F543A008A0FB8 /* Products */;
			projectDirPath = "";
			projectRoot = "";
			targets = (
				8271792F245F543A008A0FB8 /* BcbfForecast */,
			);
		};
/* End PBXProject section */

/* Begin PBXResourcesBuildPhase section */
		8271792E245F543A008A0FB8 /* Resources */ = {
			isa = PBXResourcesBuildPhase;
			buildActionMask = 2147483647;
			files = (
				82717940245F543B008A0FB8 /* LaunchScreen.storyboard in Resources */,
				8271793D245F543B008A0FB8 /* Assets.xcassets in Resources */,
				8271793B245F543A008A0FB8 /* Main.storyboard in Resources */,
			);
			runOnlyForDeploymentPostprocessing = 0;
		};
/* End PBXResourcesBuildPhase section */

/* Begin PBXSourcesBuildPhase section */
		8271792C245F543A008A0FB8 /* Sources */ = {
			isa = PBXSourcesBuildPhase;
			buildActionMask = 2147483647;
			files = (
				82717955245F7E47008A0FB8 /* Forecast.swift in Sources */,
				8271795A2460CB87008A0FB8 /* UIVIewController+Alert.swift in Sources */,
				8271794D245F7417008A0FB8 /* ForecastTableViewCell.swift in Sources */,
				82717957245F82F0008A0FB8 /* WeaterDataSource.swift in Sources */,
				82717948245F5A93008A0FB8 /* Common.swift in Sources */,
				82717953245F7DCE008A0FB8 /* WeatherSummary.swift in Sources */,
				82717938245F543A008A0FB8 /* ViewController.swift in Sources */,
				82717934245F543A008A0FB8 /* AppDelegate.swift in Sources */,
				8271794B245F7405008A0FB8 /* SummaryTableViewCell.swift in Sources */,
				82717936245F543A008A0FB8 /* SceneDelegate.swift in Sources */,
			);
			runOnlyForDeploymentPostprocessing = 0;
		};
/* End PBXSourcesBuildPhase section */

/* Begin PBXVariantGroup section */
		82717939245F543A008A0FB8 /* Main.storyboard */ = {
			isa = PBXVariantGroup;
			children = (
				8271793A245F543A008A0FB8 /* Base */,
			);
			name = Main.storyboard;
			sourceTree = "<group>";
		};
		8271793E245F543B008A0FB8 /* LaunchScreen.storyboard */ = {
			isa = PBXVariantGroup;
			children = (
				8271793F245F543B008A0FB8 /* Base */,
			);
			name = LaunchScreen.storyboard;
			sourceTree = "<group>";
		};
/* End PBXVariantGroup section */

/* Begin XCBuildConfiguration section */
		82717942245F543B008A0FB8 /* Debug */ = {
			isa = XCBuildConfiguration;
			buildSettings = {
				ALWAYS_SEARCH_USER_PATHS = NO;
				CLANG_ANALYZER_NONNULL = YES;
				CLANG_ANALYZER_NUMBER_OBJECT_CONVERSION = YES_AGGRESSIVE;
				CLANG_CXX_LANGUAGE_STANDARD = "gnu++14";
				CLANG_CXX_LIBRARY = "libc++";
				CLANG_ENABLE_MODULES = YES;
				CLANG_ENABLE_OBJC_ARC = YES;
				CLANG_ENABLE_OBJC_WEAK = YES;
				CLANG_WARN_BLOCK_CAPTURE_AUTORELEASING = YES;
				CLANG_WARN_BOOL_CONVERSION = YES;
				CLANG_WARN_COMMA = YES;
				CLANG_WARN_CONSTANT_CONVERSION = YES;
				CLANG_WARN_DEPRECATED_OBJC_IMPLEMENTATIONS = YES;
				CLANG_WARN_DIRECT_OBJC_ISA_USAGE = YES_ERROR;
				CLANG_WARN_DOCUMENTATION_COMMENTS = YES;
				CLANG_WARN_EMPTY_BODY = YES;
				CLANG_WARN_ENUM_CONVERSION = YES;
				CLANG_WARN_INFINITE_RECURSION = YES;
				CLANG_WARN_INT_CONVERSION = YES;
				CLANG_WARN_NON_LITERAL_NULL_CONVERSION = YES;
				CLANG_WARN_OBJC_IMPLICIT_RETAIN_SELF = YES;
				CLANG_WARN_OBJC_LITERAL_CONVERSION = YES;
				CLANG_WARN_OBJC_ROOT_CLASS = YES_ERROR;
				CLANG_WARN_RANGE_LOOP_ANALYSIS = YES;
				CLANG_WARN_STRICT_PROTOTYPES = YES;
				CLANG_WARN_SUSPICIOUS_MOVE = YES;
				CLANG_WARN_UNGUARDED_AVAILABILITY = YES_AGGRESSIVE;
				CLANG_WARN_UNREACHABLE_CODE = YES;
				CLANG_WARN__DUPLICATE_METHOD_MATCH = YES;
				COPY_PHASE_STRIP = NO;
				DEBUG_INFORMATION_FORMAT = dwarf;
				ENABLE_STRICT_OBJC_MSGSEND = YES;
				ENABLE_TESTABILITY = YES;
				GCC_C_LANGUAGE_STANDARD = gnu11;
				GCC_DYNAMIC_NO_PIC = NO;
				GCC_NO_COMMON_BLOCKS = YES;
				GCC_OPTIMIZATION_LEVEL = 0;
				GCC_PREPROCESSOR_DEFINITIONS = (
					"DEBUG=1",
					"$(inherited)",
				);
				GCC_WARN_64_TO_32_BIT_CONVERSION = YES;
				GCC_WARN_ABOUT_RETURN_TYPE = YES_ERROR;
				GCC_WARN_UNDECLARED_SELECTOR = YES;
				GCC_WARN_UNINITIALIZED_AUTOS = YES_AGGRESSIVE;
				GCC_WARN_UNUSED_FUNCTION = YES;
				GCC_WARN_UNUSED_VARIABLE = YES;
				IPHONEOS_DEPLOYMENT_TARGET = 13.4;
				MTL_ENABLE_DEBUG_INFO = INCLUDE_SOURCE;
				MTL_FAST_MATH = YES;
				ONLY_ACTIVE_ARCH = YES;
				SDKROOT = iphoneos;
				SWIFT_ACTIVE_COMPILATION_CONDITIONS = DEBUG;
				SWIFT_OPTIMIZATION_LEVEL = "-Onone";
			};
			name = Debug;
		};
		82717943245F543B008A0FB8 /* Release */ = {
			isa = XCBuildConfiguration;
			buildSettings = {
				ALWAYS_SEARCH_USER_PATHS = NO;
				CLANG_ANALYZER_NONNULL = YES;
				CLANG_ANALYZER_NUMBER_OBJECT_CONVERSION = YES_AGGRESSIVE;
				CLANG_CXX_LANGUAGE_STANDARD = "gnu++14";
				CLANG_CXX_LIBRARY = "libc++";
				CLANG_ENABLE_MODULES = YES;
				CLANG_ENABLE_OBJC_ARC = YES;
				CLANG_ENABLE_OBJC_WEAK = YES;
				CLANG_WARN_BLOCK_CAPTURE_AUTORELEASING = YES;
				CLANG_WARN_BOOL_CONVERSION = YES;
				CLANG_WARN_COMMA = YES;
				CLANG_WARN_CONSTANT_CONVERSION = YES;
				CLANG_WARN_DEPRECATED_OBJC_IMPLEMENTATIONS = YES;
				CLANG_WARN_DIRECT_OBJC_ISA_USAGE = YES_ERROR;
				CLANG_WARN_DOCUMENTATION_COMMENTS = YES;
				CLANG_WARN_EMPTY_BODY = YES;
				CLANG_WARN_ENUM_CONVERSION = YES;
				CLANG_WARN_INFINITE_RECURSION = YES;
				CLANG_WARN_INT_CONVERSION = YES;
				CLANG_WARN_NON_LITERAL_NULL_CONVERSION = YES;
				CLANG_WARN_OBJC_IMPLICIT_RETAIN_SELF = YES;
				CLANG_WARN_OBJC_LITERAL_CONVERSION = YES;
				CLANG_WARN_OBJC_ROOT_CLASS = YES_ERROR;
				CLANG_WARN_RANGE_LOOP_ANALYSIS = YES;
				CLANG_WARN_STRICT_PROTOTYPES = YES;
				CLANG_WARN_SUSPICIOUS_MOVE = YES;
				CLANG_WARN_UNGUARDED_AVAILABILITY = YES_AGGRESSIVE;
				CLANG_WARN_UNREACHABLE_CODE = YES;
				CLANG_WARN__DUPLICATE_METHOD_MATCH = YES;
				COPY_PHASE_STRIP = NO;
				DEBUG_INFORMATION_FORMAT = "dwarf-with-dsym";
				ENABLE_NS_ASSERTIONS = NO;
				ENABLE_STRICT_OBJC_MSGSEND = YES;
				GCC_C_LANGUAGE_STANDARD = gnu11;
				GCC_NO_COMMON_BLOCKS = YES;
				GCC_WARN_64_TO_32_BIT_CONVERSION = YES;
				GCC_WARN_ABOUT_RETURN_TYPE = YES_ERROR;
				GCC_WARN_UNDECLARED_SELECTOR = YES;
				GCC_WARN_UNINITIALIZED_AUTOS = YES_AGGRESSIVE;
				GCC_WARN_UNUSED_FUNCTION = YES;
				GCC_WARN_UNUSED_VARIABLE = YES;
				IPHONEOS_DEPLOYMENT_TARGET = 13.4;
				MTL_ENABLE_DEBUG_INFO = NO;
				MTL_FAST_MATH = YES;
				SDKROOT = iphoneos;
				SWIFT_COMPILATION_MODE = wholemodule;
				SWIFT_OPTIMIZATION_LEVEL = "-O";
				VALIDATE_PRODUCT = YES;
			};
			name = Release;
		};
		82717945245F543B008A0FB8 /* Debug */ = {
			isa = XCBuildConfiguration;
			buildSettings = {
				ASSETCATALOG_COMPILER_APPICON_NAME = AppIcon;
				CODE_SIGN_STYLE = Automatic;
				DEVELOPMENT_TEAM = HBXK2UB5Z3;
				INFOPLIST_FILE = BcbfForecast/Info.plist;
				IPHONEOS_DEPLOYMENT_TARGET = 10.0;
				LD_RUNPATH_SEARCH_PATHS = (
					"$(inherited)",
					"@executable_path/Frameworks",
				);
				PRODUCT_BUNDLE_IDENTIFIER = com.bcmbf14.BcbfForecast;
				PRODUCT_NAME = "$(TARGET_NAME)";
				SWIFT_VERSION = 5.0;
				TARGETED_DEVICE_FAMILY = "1,2";
			};
			name = Debug;
		};
		82717946245F543B008A0FB8 /* Release */ = {
			isa = XCBuildConfiguration;
			buildSettings = {
				ASSETCATALOG_COMPILER_APPICON_NAME = AppIcon;
				CODE_SIGN_STYLE = Automatic;
				DEVELOPMENT_TEAM = HBXK2UB5Z3;
				INFOPLIST_FILE = BcbfForecast/Info.plist;
				IPHONEOS_DEPLOYMENT_TARGET = 10.0;
				LD_RUNPATH_SEARCH_PATHS = (
					"$(inherited)",
					"@executable_path/Frameworks",
				);
				PRODUCT_BUNDLE_IDENTIFIER = com.bcmbf14.BcbfForecast;
				PRODUCT_NAME = "$(TARGET_NAME)";
				SWIFT_VERSION = 5.0;
				TARGETED_DEVICE_FAMILY = "1,2";
			};
			name = Release;
		};
/* End XCBuildConfiguration section */

/* Begin XCConfigurationList section */
		8271792B245F543A008A0FB8 /* Build configuration list for PBXProject "BcbfForecast" */ = {
			isa = XCConfigurationList;
			buildConfigurations = (
				82717942245F543B008A0FB8 /* Debug */,
				82717943245F543B008A0FB8 /* Release */,
			);
			defaultConfigurationIsVisible = 0;
			defaultConfigurationName = Release;
		};
		82717944245F543B008A0FB8 /* Build configuration list for PBXNativeTarget "BcbfForecast" */ = {
			isa = XCConfigurationList;
			buildConfigurations = (
				82717945245F543B008A0FB8 /* Debug */,
				82717946245F543B008A0FB8 /* Release */,
			);
			defaultConfigurationIsVisible = 0;
			defaultConfigurationName = Release;
		};
/* End XCConfigurationList section */
	};
	rootObject = 82717928245F543A008A0FB8 /* Project object */;
}
